
Microsoft Visual Studio Solution File, Format Version 12.00
# Visual Studio Version 17
VisualStudioVersion = 17.9.34622.214
MinimumVisualStudioVersion = 10.0.40219.1
Project("{FAE04EC0-301F-11D3-BF4B-00C04F79EFBC}") = "Mini_project_Secure_Software_Develoment", "Mini_project_Secure_Software_Develoment\Mini_project_Secure_Software_Develoment.csproj", "{153095D8-14B4-4B2A-8BDA-8D61C8AA23DA}"
EndProject
Global
	GlobalSection(SolutionConfigurationPlatforms) = preSolution
		Debug|Any CPU = Debug|Any CPU
		Release|Any CPU = Release|Any CPU
	EndGlobalSection
	GlobalSection(ProjectConfigurationPlatforms) = postSolution
		{153095D8-14B4-4B2A-8BDA-8D61C8AA23DA}.Debug|Any CPU.ActiveCfg = Debug|Any CPU
		{153095D8-14B4-4B2A-8BDA-8D61C8AA23DA}.Debug|Any CPU.Build.0 = Debug|Any CPU
		{153095D8-14B4-4B2A-8BDA-8D61C8AA23DA}.Release|Any CPU.ActiveCfg = Release|Any CPU
		{153095D8-14B4-4B2A-8BDA-8D61C8AA23DA}.Release|Any CPU.Build.0 = Release|Any CPU
	EndGlobalSection
	GlobalSection(SolutionProperties) = preSolution
		HideSolutionNode = FALSE
	EndGlobalSection
	GlobalSection(ExtensibilityGlobals) = postSolution
		SolutionGuid = {6C522DC4-4392-43C7-8BDE-0475917950B8}
	EndGlobalSection
EndGlobal
